
Microsoft Visual Studio Solution File, Format Version 12.00
# Visual Studio 15
VisualStudioVersion = 15.0.27428.2037
MinimumVisualStudioVersion = 10.0.40219.1
Project("{FAE04EC0-301F-11D3-BF4B-00C04F79EFBC}") = "DNProj", "DNProj\DNProj.csproj", "{164D24EE-F141-424E-81FF-36E738391F21}"
EndProject
Project("{FAE04EC0-301F-11D3-BF4B-00C04F79EFBC}") = "database", "database\database.csproj", "{0374C3D7-FEBD-4C22-947B-8AEB7F05230D}"
EndProject
Global
	GlobalSection(SolutionConfigurationPlatforms) = preSolution
		Debug|Any CPU = Debug|Any CPU
		Release|Any CPU = Release|Any CPU
	EndGlobalSection
	GlobalSection(ProjectConfigurationPlatforms) = postSolution
		{164D24EE-F141-424E-81FF-36E738391F21}.Debug|Any CPU.ActiveCfg = Debug|Any CPU
		{164D24EE-F141-424E-81FF-36E738391F21}.Debug|Any CPU.Build.0 = Debug|Any CPU
		{164D24EE-F141-424E-81FF-36E738391F21}.Release|Any CPU.ActiveCfg = Release|Any CPU
		{164D24EE-F141-424E-81FF-36E738391F21}.Release|Any CPU.Build.0 = Release|Any CPU
		{0374C3D7-FEBD-4C22-947B-8AEB7F05230D}.Debug|Any CPU.ActiveCfg = Debug|Any CPU
		{0374C3D7-FEBD-4C22-947B-8AEB7F05230D}.Debug|Any CPU.Build.0 = Debug|Any CPU
		{0374C3D7-FEBD-4C22-947B-8AEB7F05230D}.Release|Any CPU.ActiveCfg = Release|Any CPU
		{0374C3D7-FEBD-4C22-947B-8AEB7F05230D}.Release|Any CPU.Build.0 = Release|Any CPU
	EndGlobalSection
	GlobalSection(SolutionProperties) = preSolution
		HideSolutionNode = FALSE
	EndGlobalSection
	GlobalSection(ExtensibilityGlobals) = postSolution
		SolutionGuid = {10F75262-6130-4FF5-88B8-A099E84CC7AC}
	EndGlobalSection
EndGlobal
